
Microsoft Visual Studio Solution File, Format Version 12.00
# Visual Studio Version 17
VisualStudioVersion = 17.8.34511.84
MinimumVisualStudioVersion = 10.0.40219.1
Project("{FAE04EC0-301F-11D3-BF4B-00C04F79EFBC}") = "Beecrowd", "Beecrowd.csproj", "{EEA747B0-5DC2-4FB3-B153-677053BC3899}"
EndProject
Project("{FAE04EC0-301F-11D3-BF4B-00C04F79EFBC}") = "1021_Banknotes_and_Coins", "..\1021_Banknotes_and_Coins\1021_Banknotes_and_Coins.csproj", "{6FBE3089-F02D-4E57-9C31-466BC47E58B8}"
EndProject
Project("{FAE04EC0-301F-11D3-BF4B-00C04F79EFBC}") = "Selection_Test1_1035", "Selection_Test1_1035\Selection_Test1_1035.csproj", "{3AD95B1D-9D14-4FD4-9303-FE80B2175EA5}"
EndProject
Project("{FAE04EC0-301F-11D3-BF4B-00C04F79EFBC}") = "1036_Bhaskara_Formula", "1036_Bhaskara_Formula\1036_Bhaskara_Formula.csproj", "{3FAE773C-DBFE-47BC-9C02-8787A5636DAA}"
EndProject
Project("{FAE04EC0-301F-11D3-BF4B-00C04F79EFBC}") = "Interval_1037", "..\Interval_1037\Interval_1037.csproj", "{C2B859A5-C247-43E0-A4E7-545E56BF20FA}"
EndProject
Global
	GlobalSection(SolutionConfigurationPlatforms) = preSolution
		Debug|Any CPU = Debug|Any CPU
		Release|Any CPU = Release|Any CPU
	EndGlobalSection
	GlobalSection(ProjectConfigurationPlatforms) = postSolution
		{EEA747B0-5DC2-4FB3-B153-677053BC3899}.Debug|Any CPU.ActiveCfg = Debug|Any CPU
		{EEA747B0-5DC2-4FB3-B153-677053BC3899}.Debug|Any CPU.Build.0 = Debug|Any CPU
		{EEA747B0-5DC2-4FB3-B153-677053BC3899}.Release|Any CPU.ActiveCfg = Release|Any CPU
		{EEA747B0-5DC2-4FB3-B153-677053BC3899}.Release|Any CPU.Build.0 = Release|Any CPU
		{6FBE3089-F02D-4E57-9C31-466BC47E58B8}.Debug|Any CPU.ActiveCfg = Debug|Any CPU
		{6FBE3089-F02D-4E57-9C31-466BC47E58B8}.Debug|Any CPU.Build.0 = Debug|Any CPU
		{6FBE3089-F02D-4E57-9C31-466BC47E58B8}.Release|Any CPU.ActiveCfg = Release|Any CPU
		{6FBE3089-F02D-4E57-9C31-466BC47E58B8}.Release|Any CPU.Build.0 = Release|Any CPU
		{3AD95B1D-9D14-4FD4-9303-FE80B2175EA5}.Debug|Any CPU.ActiveCfg = Debug|Any CPU
		{3AD95B1D-9D14-4FD4-9303-FE80B2175EA5}.Debug|Any CPU.Build.0 = Debug|Any CPU
		{3AD95B1D-9D14-4FD4-9303-FE80B2175EA5}.Release|Any CPU.ActiveCfg = Release|Any CPU
		{3AD95B1D-9D14-4FD4-9303-FE80B2175EA5}.Release|Any CPU.Build.0 = Release|Any CPU
		{3FAE773C-DBFE-47BC-9C02-8787A5636DAA}.Debug|Any CPU.ActiveCfg = Debug|Any CPU
		{3FAE773C-DBFE-47BC-9C02-8787A5636DAA}.Debug|Any CPU.Build.0 = Debug|Any CPU
		{3FAE773C-DBFE-47BC-9C02-8787A5636DAA}.Release|Any CPU.ActiveCfg = Release|Any CPU
		{3FAE773C-DBFE-47BC-9C02-8787A5636DAA}.Release|Any CPU.Build.0 = Release|Any CPU
		{C2B859A5-C247-43E0-A4E7-545E56BF20FA}.Debug|Any CPU.ActiveCfg = Debug|Any CPU
		{C2B859A5-C247-43E0-A4E7-545E56BF20FA}.Debug|Any CPU.Build.0 = Debug|Any CPU
		{C2B859A5-C247-43E0-A4E7-545E56BF20FA}.Release|Any CPU.ActiveCfg = Release|Any CPU
		{C2B859A5-C247-43E0-A4E7-545E56BF20FA}.Release|Any CPU.Build.0 = Release|Any CPU
	EndGlobalSection
	GlobalSection(SolutionProperties) = preSolution
		HideSolutionNode = FALSE
	EndGlobalSection
	GlobalSection(ExtensibilityGlobals) = postSolution
		SolutionGuid = {0AE8998A-A20D-4DCD-8D6D-D4D7022E044B}
	EndGlobalSection
EndGlobal
